{
  "version": "4",
  "specifiers": {
    "jsr:@std/assert@1": "1.0.13",
    "jsr:@std/internal@^1.0.6": "1.0.6",
    "npm:ccxt@^4.4.77": "4.4.77"
  },
  "jsr": {
    "@std/assert@1.0.13": {
      "integrity": "ae0d31e41919b12c656c742b22522c32fb26ed0cba32975cb0de2a273cb68b29",
      "dependencies": [
        "jsr:@std/internal"
      ]
    },
    "@std/internal@1.0.6": {
      "integrity": "9533b128f230f73bd209408bb07a4b12f8d4255ab2a4d22a1fd6d87304aca9a4"
    }
  },
  "npm": {
    "ccxt@4.4.77": {
      "integrity": "sha512-BKRJRJ1PZQ2jn5i6wM0bUEE04Vkmy9pky9wJLaGZsbp39ZjCRPhHhFbr00GFfUI/msWZaaiZkH0ubCSjkaOBPw==",
      "dependencies": [
        "ws"
      ]
    },
    "ws@8.18.1": {
      "integrity": "sha512-RKW2aJZMXeMxVpnZ6bck+RswznaxmzdULiBr6KY7XkTnW8uvt0iT9H5DkHUChXrc+uurzwa0rVI16n/Xzjdz1w=="
    }
  },
  "workspace": {
    "dependencies": [
      "jsr:@std/assert@1",
      "npm:ccxt@^4.4.77"
    ]
  }
}
